PODS:
  - Alamofire (4.5.1)
  - Bolts (1.8.4):
    - Bolts/AppLinks (= 1.8.4)
    - Bolts/Tasks (= 1.8.4)
  - Bolts/AppLinks (1.8.4):
    - Bolts/Tasks
  - Bolts/Tasks (1.8.4)
  - CocoaSecurity (1.2.4)
  - EVReflection/Alamofire (4.16.3):
    - Alamofire
    - EVReflection/Core
  - EVReflection/Core (4.16.3)
  - FacebookCore (0.2.0):
    - Bolts (~> 1.8)
    - FBSDKCoreKit (~> 4.15)
  - FacebookLogin (0.2.0):
    - Bolts (~> 1.8)
    - FacebookCore (~> 0.2)
    - FBSDKCoreKit (~> 4.15)
    - FBSDKLoginKit (~> 4.15)
  - FBSDKCoreKit (4.25.0):
    - Bolts (~> 1.7)
  - FBSDKLoginKit (4.25.0):
    - FBSDKCoreKit
  - FBSDKShareKit (4.25.0):
    - FBSDKCoreKit
  - libwebp (0.6.0):
    - libwebp/core (= 0.6.0)
    - libwebp/dec (= 0.6.0)
    - libwebp/demux (= 0.6.0)
    - libwebp/dsp (= 0.6.0)
    - libwebp/enc (= 0.6.0)
    - libwebp/mux (= 0.6.0)
    - libwebp/utils (= 0.6.0)
    - libwebp/webp (= 0.6.0)
  - libwebp/core (0.6.0):
    - libwebp/webp
  - libwebp/dec (0.6.0):
    - libwebp/core
  - libwebp/demux (0.6.0):
    - libwebp/core
  - libwebp/dsp (0.6.0):
    - libwebp/core
  - libwebp/enc (0.6.0):
    - libwebp/core
  - libwebp/mux (0.6.0):
    - libwebp/core
  - libwebp/utils (0.6.0):
    - libwebp/core
  - libwebp/webp (0.6.0)
  - OCThumbor (0.3.1):
    - CocoaSecurity (~> 1.2)
  - SDWebImage/Core (4.1.0)
  - SDWebImage/WebP (4.1.0):
    - libwebp
    - SDWebImage/Core
  - SKPhotoBrowser (4.0.1)
  - SwiftLint (0.20.1)
  - SwiftyJSON (3.1.4)

DEPENDENCIES:
  - Alamofire (~> 4.5.0)
  - EVReflection/Alamofire (~> 4.16.0)
  - FacebookCore
  - FacebookLogin
  - FBSDKCoreKit (~> 4.25.0)
  - FBSDKLoginKit (~> 4.25.0)
  - FBSDKShareKit (~> 4.25.0)
  - OCThumbor (~> 0.3)
  - SDWebImage/WebP
  - SKPhotoBrowser (~> 4.0.0)
  - SwiftLint (~> 0.20.1)
  - SwiftyJSON (~> 3.1.4)

SPEC CHECKSUMS:
  Alamofire: 2d95912bf4c34f164fdfc335872e8c312acaea4a
  Bolts: 8a7995239dbe724f9cba2248b766d48b7ebdd322
  CocoaSecurity: d288a6f87e0f363823d2cb83e753814a6944f71a
  EVReflection: 78a60b3c628a2e765652cdc554a903a3e40b16c8
  FacebookCore: 2cb3f0fbff218e9d3119cec84bae983b232412de
  FacebookLogin: c9d606504735780a9e3002465a615512e0a691a5
  FBSDKCoreKit: 53e3f4bfb64e80c5f229dd30ae33ff57fbbbd2d1
  FBSDKLoginKit: f628c09684dae9c17f071cf90b014e886f5093ea
  FBSDKShareKit: aea699d3cac749af08e360f4e949b82ffa8813f5
  libwebp: 1d5a07c2eb97f9c31bd5f154bb82efc0ea67c6a2
  OCThumbor: 60b83bb204b7f860aecf515ed183a198f30c6f43
  SDWebImage: 0e435c14e402a6730315a0fb79f95e68654d55a4
  SKPhotoBrowser: 3a7c6fc02aa1620ab17253a47a49fafda46536e8
  SwiftLint: f60095dc173a3f3ec505bb34f5229c3dfd779a54
  SwiftyJSON: c2842d878f95482ffceec5709abc3d05680c0220

PODFILE CHECKSUM: ecc17c3b6255e1e01c4089af626ff829c26817cb

COCOAPODS: 1.2.1
